
Microsoft Visual Studio Solution File, Format Version 12.00
# Visual Studio Version 16
VisualStudioVersion = 16.0.30804.86
MinimumVisualStudioVersion = 10.0.40219.1
Project("{9A19103F-16F7-4668-BE54-9A1E7A4F7556}") = "ProductApi", "ProductApi\ProductApi.csproj", "{53457F61-15CF-4B01-BC7A-32419ECD6C6E}"
EndProject
Project("{FAE04EC0-301F-11D3-BF4B-00C04F79EFBC}") = "ProductApi.Data", "ProductApi.Data\ProductApi.Data.csproj", "{7751C6E1-70FA-450B-B939-A620FCDF4EE8}"
EndProject
Project("{FAE04EC0-301F-11D3-BF4B-00C04F79EFBC}") = "ProductApi.Service", "ProductApi.Service\ProductApi.Service.csproj", "{BA8B4E91-064E-4908-A30D-25AC81FF6A9A}"
EndProject
Global
	GlobalSection(SolutionConfigurationPlatforms) = preSolution
		Debug|Any CPU = Debug|Any CPU
		Release|Any CPU = Release|Any CPU
	EndGlobalSection
	GlobalSection(ProjectConfigurationPlatforms) = postSolution
		{53457F61-15CF-4B01-BC7A-32419ECD6C6E}.Debug|Any CPU.ActiveCfg = Debug|Any CPU
		{53457F61-15CF-4B01-BC7A-32419ECD6C6E}.Debug|Any CPU.Build.0 = Debug|Any CPU
		{53457F61-15CF-4B01-BC7A-32419ECD6C6E}.Release|Any CPU.ActiveCfg = Release|Any CPU
		{53457F61-15CF-4B01-BC7A-32419ECD6C6E}.Release|Any CPU.Build.0 = Release|Any CPU
		{7751C6E1-70FA-450B-B939-A620FCDF4EE8}.Debug|Any CPU.ActiveCfg = Debug|Any CPU
		{7751C6E1-70FA-450B-B939-A620FCDF4EE8}.Debug|Any CPU.Build.0 = Debug|Any CPU
		{7751C6E1-70FA-450B-B939-A620FCDF4EE8}.Release|Any CPU.ActiveCfg = Release|Any CPU
		{7751C6E1-70FA-450B-B939-A620FCDF4EE8}.Release|Any CPU.Build.0 = Release|Any CPU
		{BA8B4E91-064E-4908-A30D-25AC81FF6A9A}.Debug|Any CPU.ActiveCfg = Debug|Any CPU
		{BA8B4E91-064E-4908-A30D-25AC81FF6A9A}.Debug|Any CPU.Build.0 = Debug|Any CPU
		{BA8B4E91-064E-4908-A30D-25AC81FF6A9A}.Release|Any CPU.ActiveCfg = Release|Any CPU
		{BA8B4E91-064E-4908-A30D-25AC81FF6A9A}.Release|Any CPU.Build.0 = Release|Any CPU
	EndGlobalSection
	GlobalSection(SolutionProperties) = preSolution
		HideSolutionNode = FALSE
	EndGlobalSection
	GlobalSection(ExtensibilityGlobals) = postSolution
		SolutionGuid = {5E7F992A-52FD-4B2E-A57A-B2DB50F78566}
	EndGlobalSection
EndGlobal
